
Microsoft Visual Studio Solution File, Format Version 12.00
# Visual Studio Version 16
VisualStudioVersion = 25.0.1706.6
MinimumVisualStudioVersion = 10.0.40219.1
Project("{FAE04EC0-301F-11D3-BF4B-00C04F79EFBC}") = "GabTrans.Api", "GabTrans.Api.csproj", "{A5E11D1C-F35D-4314-A0DB-BDB94E2535D9}"
EndProject
Global
	GlobalSection(SolutionConfigurationPlatforms) = preSolution
		Debug|Any CPU = Debug|Any CPU
		Release|Any CPU = Release|Any CPU
	EndGlobalSection
	GlobalSection(ProjectConfigurationPlatforms) = postSolution
		{A5E11D1C-F35D-4314-A0DB-BDB94E2535D9}.Debug|Any CPU.ActiveCfg = Debug|Any CPU
		{A5E11D1C-F35D-4314-A0DB-BDB94E2535D9}.Debug|Any CPU.Build.0 = Debug|Any CPU
		{A5E11D1C-F35D-4314-A0DB-BDB94E2535D9}.Release|Any CPU.ActiveCfg = Release|Any CPU
		{A5E11D1C-F35D-4314-A0DB-BDB94E2535D9}.Release|Any CPU.Build.0 = Release|Any CPU
	EndGlobalSection
	GlobalSection(SolutionProperties) = preSolution
		HideSolutionNode = FALSE
	EndGlobalSection
	GlobalSection(ExtensibilityGlobals) = postSolution
		SolutionGuid = {4974DC95-AE10-4E85-BF3C-36DA38C8B2E6}
	EndGlobalSection
EndGlobal
